// !$*UTF8*$!
{
	archiveVersion = 1;
	classes = {
	};
	objectVersion = 50;
	objects = {

/* Begin PBXBuildFile section */
		552B1E1F217726EB0062E4CC /* AppDelegate.swift in Sources */ = {isa = PBXBuildFile; fileRef = 552B1E1E217726EB0062E4CC /* AppDelegate.swift */; };
		552B1E21217726EC0062E4CC /* Assets.xcassets in Resources */ = {isa = PBXBuildFile; fileRef = 552B1E20217726EC0062E4CC /* Assets.xcassets */; };
		552B1E24217726EC0062E4CC /* MainMenu.xib in Resources */ = {isa = PBXBuildFile; fileRef = 552B1E22217726EC0062E4CC /* MainMenu.xib */; };
		552B1E2A2177277F0062E4CC /* Assets.xcassets in Resources */ = {isa = PBXBuildFile; fileRef = 554AED0B2175BA27005F7847 /* Assets.xcassets */; };
		554AED0C2175BA27005F7847 /* Assets.xcassets in Resources */ = {isa = PBXBuildFile; fileRef = 554AED0B2175BA27005F7847 /* Assets.xcassets */; };
		554AED122175BA27005F7847 /* main.m in Sources */ = {isa = PBXBuildFile; fileRef = 554AED112175BA27005F7847 /* main.m */; };
		554AEDE92175BA91005F7847 /* TileCountView.m in Sources */ = {isa = PBXBuildFile; fileRef = 554AED1D2175BA90005F7847 /* TileCountView.m */; };
		554AEDEB2175BA91005F7847 /* Help.mm in Sources */ = {isa = PBXBuildFile; fileRef = 554AED1F2175BA90005F7847 /* Help.mm */; };
		554AEDF02175BA91005F7847 /* MiscColorView.m in Sources */ = {isa = PBXBuildFile; fileRef = 554AED262175BA90005F7847 /* MiscColorView.m */; };
		554AEDF42175BA91005F7847 /* MiscPaperView.m in Sources */ = {isa = PBXBuildFile; fileRef = 554AED2A2175BA90005F7847 /* MiscPaperView.m */; };
		554AEDF52175BA91005F7847 /* MiscColorView.rtf in Resources */ = {isa = PBXBuildFile; fileRef = 554AED2B2175BA90005F7847 /* MiscColorView.rtf */; };
		554AEDF62175BA91005F7847 /* MiscPaperView.rtf in Resources */ = {isa = PBXBuildFile; fileRef = 554AED2D2175BA90005F7847 /* MiscPaperView.rtf */; };
		554AEDF82175BA91005F7847 /* Shanghai.xib in Resources */ = {isa = PBXBuildFile; fileRef = 554AED302175BA90005F7847 /* Shanghai.xib */; };
		554AEE082175BA91005F7847 /* GameTile.mm in Sources */ = {isa = PBXBuildFile; fileRef = 554AED492175BA90005F7847 /* GameTile.mm */; };
		554AEE0C2175BA91005F7847 /* GameTileArray.mm in Sources */ = {isa = PBXBuildFile; fileRef = 554AED4E2175BA90005F7847 /* GameTileArray.mm */; };
		554AEE0E2175BA91005F7847 /* InterfaceView.m in Sources */ = {isa = PBXBuildFile; fileRef = 554AED522175BA90005F7847 /* InterfaceView.m */; };
		554AEE162175BA91005F7847 /* TileCountManager.mm in Sources */ = {isa = PBXBuildFile; fileRef = 554AED5A2175BA90005F7847 /* TileCountManager.mm */; };
		554AEE1A2175BA91005F7847 /* TileDescription.mm in Sources */ = {isa = PBXBuildFile; fileRef = 554AED5F2175BA90005F7847 /* TileDescription.mm */; };
		554AEE1B2175BA91005F7847 /* SHAppManager.m in Sources */ = {isa = PBXBuildFile; fileRef = 554AED602175BA90005F7847 /* SHAppManager.m */; };
		554AEE1D2175BA91005F7847 /* BoardScramble.mm in Sources */ = {isa = PBXBuildFile; fileRef = 554AED622175BA90005F7847 /* BoardScramble.mm */; };
		554AEE242175BA91005F7847 /* TileIterator.cc in Sources */ = {isa = PBXBuildFile; fileRef = 554AED6D2175BA90005F7847 /* TileIterator.cc */; };
		554AEE252175BA91005F7847 /* GameBoardView.m in Sources */ = {isa = PBXBuildFile; fileRef = 554AED6E2175BA90005F7847 /* GameBoardView.m */; };
		554AEE272175BA91005F7847 /* NumberTile.mm in Sources */ = {isa = PBXBuildFile; fileRef = 554AED702175BA90005F7847 /* NumberTile.mm */; };
		554AEE322175BA91005F7847 /* GameCoordinator.mm in Sources */ = {isa = PBXBuildFile; fileRef = 554AEDB42175BA90005F7847 /* GameCoordinator.mm */; };
		554AEE3A2175BA91005F7847 /* NumberTileArray.mm in Sources */ = {isa = PBXBuildFile; fileRef = 554AEDBE2175BA90005F7847 /* NumberTileArray.mm */; };
		554AEE3E2175BA91005F7847 /* IntegerList.mm in Sources */ = {isa = PBXBuildFile; fileRef = 554AEDC32175BA90005F7847 /* IntegerList.mm */; };
		554AEE442175BA91005F7847 /* TileDescriptionArray.mm in Sources */ = {isa = PBXBuildFile; fileRef = 554AEDC92175BA90005F7847 /* TileDescriptionArray.mm */; };
		554AEE462175BA91005F7847 /* GameInterface.mm in Sources */ = {isa = PBXBuildFile; fileRef = 554AEDCD2175BA90005F7847 /* GameInterface.mm */; };
		554AEE4A2175BA91005F7847 /* Tile.mm in Sources */ = {isa = PBXBuildFile; fileRef = 554AEDD12175BA90005F7847 /* Tile.mm */; };
		554AEE572175BA91005F7847 /* SHInfo.m in Sources */ = {isa = PBXBuildFile; fileRef = 554AEDDF2175BA90005F7847 /* SHInfo.m */; };
		554AEE5B2175BA91005F7847 /* GNU-General Public License in Resources */ = {isa = PBXBuildFile; fileRef = 554AEDE42175BA90005F7847 /* GNU-General Public License */; };
		554AEE5C2175BA91005F7847 /* 2_ReleaseNotes.rtfd in Resources */ = {isa = PBXBuildFile; fileRef = 554AEDE52175BA90005F7847 /* 2_ReleaseNotes.rtfd */; };
		554AEE5D2175BA91005F7847 /* 1_IntroShanghai.rtfd in Resources */ = {isa = PBXBuildFile; fileRef = 554AEDE62175BA90005F7847 /* 1_IntroShanghai.rtfd */; };
		554AEE612175BB30005F7847 /* Help in Resources */ = {isa = PBXBuildFile; fileRef = 554AEE5F2175BB30005F7847 /* Help */; };
/* End PBXBuildFile section */

/* Begin PBXFileReference section */
		552B1E1C217726EB0062E4CC /* Shanghai Swift.app */ = {isa = PBXFileReference; explicitFileType = wrapper.application; includeInIndex = 0; path = "Shanghai Swift.app"; sourceTree = BUILT_PRODUCTS_DIR; };
		552B1E1E217726EB0062E4CC /* AppDelegate.swift */ = {isa = PBXFileReference; lastKnownFileType = sourcecode.swift; path = AppDelegate.swift; sourceTree = "<group>"; };
		552B1E20217726EC0062E4CC /* Assets.xcassets */ = {isa = PBXFileReference; lastKnownFileType = folder.assetcatalog; path = Assets.xcassets; sourceTree = "<group>"; };
		552B1E23217726EC0062E4CC /* Base */ = {isa = PBXFileReference; lastKnownFileType = file.xib; name = Base; path = Base.lproj/MainMenu.xib; sourceTree = "<group>"; };
		552B1E25217726EC0062E4CC /* Info.plist */ = {isa = PBXFileReference; lastKnownFileType = text.plist.xml; path = Info.plist; sourceTree = "<group>"; };
		552B1E26217726EC0062E4CC /* Shanghai_Swift.entitlements */ = {isa = PBXFileReference; lastKnownFileType = text.plist.entitlements; path = Shanghai_Swift.entitlements; sourceTree = "<group>"; };
		554AED052175BA26005F7847 /* NeXTShanghai.app */ = {isa = PBXFileReference; explicitFileType = wrapper.application; includeInIndex = 0; path = NeXTShanghai.app; sourceTree = BUILT_PRODUCTS_DIR; };
		554AED0B2175BA27005F7847 /* Assets.xcassets */ = {isa = PBXFileReference; lastKnownFileType = folder.assetcatalog; path = Assets.xcassets; sourceTree = "<group>"; };
		554AED102175BA27005F7847 /* Info.plist */ = {isa = PBXFileReference; lastKnownFileType = text.plist.xml; path = Info.plist; sourceTree = "<group>"; };
		554AED112175BA27005F7847 /* main.m */ = {isa = PBXFileReference; lastKnownFileType = sourcecode.c.objc; path = main.m; sourceTree = "<group>"; };
		554AED132175BA27005F7847 /* NeXTShanghai.entitlements */ = {isa = PBXFileReference; lastKnownFileType = text.plist.entitlements; path = NeXTShanghai.entitlements; sourceTree = "<group>"; };
		554AED1A2175BA90005F7847 /* Help.h */ = {isa = PBXFileReference; fileEncoding = 4; lastKnownFileType = sourcecode.c.h; path = Help.h; sourceTree = "<group>"; };
		554AED1B2175BA90005F7847 /* TileDescriptionArray.h */ = {isa = PBXFileReference; fileEncoding = 4; lastKnownFileType = sourcecode.c.h; path = TileDescriptionArray.h; sourceTree = "<group>"; };
		554AED1D2175BA90005F7847 /* TileCountView.m */ = {isa = PBXFileReference; fileEncoding = 4; lastKnownFileType = sourcecode.c.objc; path = TileCountView.m; sourceTree = "<group>"; };
		554AED1F2175BA90005F7847 /* Help.mm */ = {isa = PBXFileReference; fileEncoding = 4; lastKnownFileType = sourcecode.cpp.objcpp; path = Help.mm; sourceTree = "<group>"; };
		554AED242175BA90005F7847 /* MiscPaperView.h */ = {isa = PBXFileReference; fileEncoding = 4; lastKnownFileType = sourcecode.c.h; path = MiscPaperView.h; sourceTree = "<group>"; };
		554AED262175BA90005F7847 /* MiscColorView.m */ = {isa = PBXFileReference; fileEncoding = 4; lastKnownFileType = sourcecode.c.objc; path = MiscColorView.m; sourceTree = "<group>"; };
		554AED2A2175BA90005F7847 /* MiscPaperView.m */ = {isa = PBXFileReference; fileEncoding = 4; lastKnownFileType = sourcecode.c.objc; path = MiscPaperView.m; sourceTree = "<group>"; };
		554AED2B2175BA90005F7847 /* MiscColorView.rtf */ = {isa = PBXFileReference; fileEncoding = 4; lastKnownFileType = text.rtf; path = MiscColorView.rtf; sourceTree = "<group>"; };
		554AED2C2175BA90005F7847 /* MiscColorView.h */ = {isa = PBXFileReference; fileEncoding = 4; lastKnownFileType = sourcecode.c.h; path = MiscColorView.h; sourceTree = "<group>"; };
		554AED2D2175BA90005F7847 /* MiscPaperView.rtf */ = {isa = PBXFileReference; fileEncoding = 4; lastKnownFileType = text.rtf; path = MiscPaperView.rtf; sourceTree = "<group>"; };
		554AED2F2175BA90005F7847 /* en */ = {isa = PBXFileReference; lastKnownFileType = wrapper.nib; name = en; path = en.lproj/Info.nib; sourceTree = "<group>"; };
		554AED312175BA90005F7847 /* en */ = {isa = PBXFileReference; lastKnownFileType = file.xib; name = en; path = en.lproj/Shanghai.xib; sourceTree = "<group>"; };
		554AED442175BA90005F7847 /* AllNumberTiles.h */ = {isa = PBXFileReference; fileEncoding = 4; lastKnownFileType = sourcecode.c.h; path = AllNumberTiles.h; sourceTree = "<group>"; };
		554AED462175BA90005F7847 /* NumberTile.h */ = {isa = PBXFileReference; fileEncoding = 4; lastKnownFileType = sourcecode.c.h; path = NumberTile.h; sourceTree = "<group>"; };
		554AED472175BA90005F7847 /* NumberTileArray.h */ = {isa = PBXFileReference; fileEncoding = 4; lastKnownFileType = sourcecode.c.h; path = NumberTileArray.h; sourceTree = "<group>"; };
		554AED492175BA90005F7847 /* GameTile.mm */ = {isa = PBXFileReference; fileEncoding = 4; lastKnownFileType = sourcecode.cpp.objcpp; path = GameTile.mm; sourceTree = "<group>"; };
		554AED4D2175BA90005F7847 /* Tile.h */ = {isa = PBXFileReference; fileEncoding = 4; lastKnownFileType = sourcecode.c.h; path = Tile.h; sourceTree = "<group>"; };
		554AED4E2175BA90005F7847 /* GameTileArray.mm */ = {isa = PBXFileReference; fileEncoding = 4; lastKnownFileType = sourcecode.cpp.objcpp; path = GameTileArray.mm; sourceTree = "<group>"; };
		554AED502175BA90005F7847 /* BoardScramble.h */ = {isa = PBXFileReference; fileEncoding = 4; lastKnownFileType = sourcecode.c.h; path = BoardScramble.h; sourceTree = "<group>"; };
		554AED512175BA90005F7847 /* GameTileArray.h */ = {isa = PBXFileReference; fileEncoding = 4; lastKnownFileType = sourcecode.c.h; path = GameTileArray.h; sourceTree = "<group>"; };
		554AED522175BA90005F7847 /* InterfaceView.m */ = {isa = PBXFileReference; fileEncoding = 4; lastKnownFileType = sourcecode.c.objc; path = InterfaceView.m; sourceTree = "<group>"; };
		554AED5A2175BA90005F7847 /* TileCountManager.mm */ = {isa = PBXFileReference; fileEncoding = 4; lastKnownFileType = sourcecode.cpp.objcpp; path = TileCountManager.mm; sourceTree = "<group>"; };
		554AED5D2175BA90005F7847 /* GameInterface.h */ = {isa = PBXFileReference; fileEncoding = 4; lastKnownFileType = sourcecode.c.h; path = GameInterface.h; sourceTree = "<group>"; };
		554AED5F2175BA90005F7847 /* TileDescription.mm */ = {isa = PBXFileReference; fileEncoding = 4; lastKnownFileType = sourcecode.cpp.objcpp; path = TileDescription.mm; sourceTree = "<group>"; };
		554AED602175BA90005F7847 /* SHAppManager.m */ = {isa = PBXFileReference; fileEncoding = 4; lastKnownFileType = sourcecode.c.objc; path = SHAppManager.m; sourceTree = "<group>"; };
		554AED622175BA90005F7847 /* BoardScramble.mm */ = {isa = PBXFileReference; fileEncoding = 4; lastKnownFileType = sourcecode.cpp.objcpp; path = BoardScramble.mm; sourceTree = "<group>"; };
		554AED652175BA90005F7847 /* mj.h */ = {isa = PBXFileReference; fileEncoding = 4; lastKnownFileType = sourcecode.c.h; path = mj.h; sourceTree = "<group>"; };
		554AED672175BA90005F7847 /* SHInfo.h */ = {isa = PBXFileReference; fileEncoding = 4; lastKnownFileType = sourcecode.c.h; path = SHInfo.h; sourceTree = "<group>"; };
		554AED682175BA90005F7847 /* IntegerList.h */ = {isa = PBXFileReference; fileEncoding = 4; lastKnownFileType = sourcecode.c.h; path = IntegerList.h; sourceTree = "<group>"; };
		554AED6C2175BA90005F7847 /* GameTile.h */ = {isa = PBXFileReference; fileEncoding = 4; lastKnownFileType = sourcecode.c.h; path = GameTile.h; sourceTree = "<group>"; };
		554AED6D2175BA90005F7847 /* TileIterator.cc */ = {isa = PBXFileReference; fileEncoding = 4; lastKnownFileType = sourcecode.cpp.cpp; path = TileIterator.cc; sourceTree = "<group>"; };
		554AED6E2175BA90005F7847 /* GameBoardView.m */ = {isa = PBXFileReference; fileEncoding = 4; lastKnownFileType = sourcecode.c.objc; path = GameBoardView.m; sourceTree = "<group>"; };
		554AED702175BA90005F7847 /* NumberTile.mm */ = {isa = PBXFileReference; fileEncoding = 4; lastKnownFileType = sourcecode.cpp.objcpp; path = NumberTile.mm; sourceTree = "<group>"; };
		554AED742175BA90005F7847 /* GameCoordinator.h */ = {isa = PBXFileReference; fileEncoding = 4; lastKnownFileType = sourcecode.c.h; path = GameCoordinator.h; sourceTree = "<group>"; };
		554AED792175BA90005F7847 /* EastWindTile.h */ = {isa = PBXFileReference; fileEncoding = 4; lastKnownFileType = sourcecode.c.h; path = EastWindTile.h; sourceTree = "<group>"; };
		554AED7A2175BA90005F7847 /* NumberNineTile.h */ = {isa = PBXFileReference; fileEncoding = 4; lastKnownFileType = sourcecode.c.h; path = NumberNineTile.h; sourceTree = "<group>"; };
		554AED7B2175BA90005F7847 /* SpringSeasonTile.h */ = {isa = PBXFileReference; fileEncoding = 4; lastKnownFileType = sourcecode.c.h; path = SpringSeasonTile.h; sourceTree = "<group>"; };
		554AED7C2175BA90005F7847 /* RedTile.h */ = {isa = PBXFileReference; fileEncoding = 4; lastKnownFileType = sourcecode.c.h; path = RedTile.h; sourceTree = "<group>"; };
		554AED7D2175BA90005F7847 /* NumberSevenTile.h */ = {isa = PBXFileReference; fileEncoding = 4; lastKnownFileType = sourcecode.c.h; path = NumberSevenTile.h; sourceTree = "<group>"; };
		554AED7E2175BA90005F7847 /* CharacterNineTile.h */ = {isa = PBXFileReference; fileEncoding = 4; lastKnownFileType = sourcecode.c.h; path = CharacterNineTile.h; sourceTree = "<group>"; };
		554AED7F2175BA90005F7847 /* SouthWindTile.h */ = {isa = PBXFileReference; fileEncoding = 4; lastKnownFileType = sourcecode.c.h; path = SouthWindTile.h; sourceTree = "<group>"; };
		554AED802175BA90005F7847 /* CharacterThreeTile.h */ = {isa = PBXFileReference; fileEncoding = 4; lastKnownFileType = sourcecode.c.h; path = CharacterThreeTile.h; sourceTree = "<group>"; };
		554AED812175BA90005F7847 /* BambooNineTile.h */ = {isa = PBXFileReference; fileEncoding = 4; lastKnownFileType = sourcecode.c.h; path = BambooNineTile.h; sourceTree = "<group>"; };
		554AED822175BA90005F7847 /* WhiteTile.h */ = {isa = PBXFileReference; fileEncoding = 4; lastKnownFileType = sourcecode.c.h; path = WhiteTile.h; sourceTree = "<group>"; };
		554AED832175BA90005F7847 /* CircleFiveTile.h */ = {isa = PBXFileReference; fileEncoding = 4; lastKnownFileType = sourcecode.c.h; path = CircleFiveTile.h; sourceTree = "<group>"; };
		554AED842175BA90005F7847 /* NumberTwoTile.h */ = {isa = PBXFileReference; fileEncoding = 4; lastKnownFileType = sourcecode.c.h; path = NumberTwoTile.h; sourceTree = "<group>"; };
		554AED852175BA90005F7847 /* CharacterOneTile.h */ = {isa = PBXFileReference; fileEncoding = 4; lastKnownFileType = sourcecode.c.h; path = CharacterOneTile.h; sourceTree = "<group>"; };
		554AED862175BA90005F7847 /* NumberThreeTile.h */ = {isa = PBXFileReference; fileEncoding = 4; lastKnownFileType = sourcecode.c.h; path = NumberThreeTile.h; sourceTree = "<group>"; };
		554AED872175BA90005F7847 /* NumberFourTile.h */ = {isa = PBXFileReference; fileEncoding = 4; lastKnownFileType = sourcecode.c.h; path = NumberFourTile.h; sourceTree = "<group>"; };
		554AED882175BA90005F7847 /* CircleEightTile.h */ = {isa = PBXFileReference; fileEncoding = 4; lastKnownFileType = sourcecode.c.h; path = CircleEightTile.h; sourceTree = "<group>"; };
		554AED892175BA90005F7847 /* BambooTwoTile.h */ = {isa = PBXFileReference; fileEncoding = 4; lastKnownFileType = sourcecode.c.h; path = BambooTwoTile.h; sourceTree = "<group>"; };
		554AED8A2175BA90005F7847 /* CircleTwoTile.h */ = {isa = PBXFileReference; fileEncoding = 4; lastKnownFileType = sourcecode.c.h; path = CircleTwoTile.h; sourceTree = "<group>"; };
		554AED8B2175BA90005F7847 /* BambooFourTile.h */ = {isa = PBXFileReference; fileEncoding = 4; lastKnownFileType = sourcecode.c.h; path = BambooFourTile.h; sourceTree = "<group>"; };
		554AED8C2175BA90005F7847 /* NorthWindTile.h */ = {isa = PBXFileReference; fileEncoding = 4; lastKnownFileType = sourcecode.c.h; path = NorthWindTile.h; sourceTree = "<group>"; };
		554AED8D2175BA90005F7847 /* CircleSixTile.h */ = {isa = PBXFileReference; fileEncoding = 4; lastKnownFileType = sourcecode.c.h; path = CircleSixTile.h; sourceTree = "<group>"; };
		554AED8E2175BA90005F7847 /* BambooEightTile.h */ = {isa = PBXFileReference; fileEncoding = 4; lastKnownFileType = sourcecode.c.h; path = BambooEightTile.h; sourceTree = "<group>"; };
		554AED8F2175BA90005F7847 /* BambooSixTile.h */ = {isa = PBXFileReference; fileEncoding = 4; lastKnownFileType = sourcecode.c.h; path = BambooSixTile.h; sourceTree = "<group>"; };
		554AED902175BA90005F7847 /* NumberSixTile.h */ = {isa = PBXFileReference; fileEncoding = 4; lastKnownFileType = sourcecode.c.h; path = NumberSixTile.h; sourceTree = "<group>"; };
		554AED912175BA90005F7847 /* CharacterFourTile.h */ = {isa = PBXFileReference; fileEncoding = 4; lastKnownFileType = sourcecode.c.h; path = CharacterFourTile.h; sourceTree = "<group>"; };
		554AED922175BA90005F7847 /* SummerSeasonTile.h */ = {isa = PBXFileReference; fileEncoding = 4; lastKnownFileType = sourcecode.c.h; path = SummerSeasonTile.h; sourceTree = "<group>"; };
		554AED932175BA90005F7847 /* CharacterSevenTile.h */ = {isa = PBXFileReference; fileEncoding = 4; lastKnownFileType = sourcecode.c.h; path = CharacterSevenTile.h; sourceTree = "<group>"; };
		554AED942175BA90005F7847 /* NumberZeroTile.h */ = {isa = PBXFileReference; fileEncoding = 4; lastKnownFileType = sourcecode.c.h; path = NumberZeroTile.h; sourceTree = "<group>"; };
		554AED952175BA90005F7847 /* BambooThreeTile.h */ = {isa = PBXFileReference; fileEncoding = 4; lastKnownFileType = sourcecode.c.h; path = BambooThreeTile.h; sourceTree = "<group>"; };
		554AED962175BA90005F7847 /* NumberOneTile.h */ = {isa = PBXFileReference; fileEncoding = 4; lastKnownFileType = sourcecode.c.h; path = NumberOneTile.h; sourceTree = "<group>"; };
		554AED972175BA90005F7847 /* CharacterTwoTile.h */ = {isa = PBXFileReference; fileEncoding = 4; lastKnownFileType = sourcecode.c.h; path = CharacterTwoTile.h; sourceTree = "<group>"; };
		554AED982175BA90005F7847 /* CharacterFiveTile.h */ = {isa = PBXFileReference; fileEncoding = 4; lastKnownFileType = sourcecode.c.h; path = CharacterFiveTile.h; sourceTree = "<group>"; };
		554AED992175BA90005F7847 /* CircleNineTile.h */ = {isa = PBXFileReference; fileEncoding = 4; lastKnownFileType = sourcecode.c.h; path = CircleNineTile.h; sourceTree = "<group>"; };
		554AED9A2175BA90005F7847 /* BambooOneTile.h */ = {isa = PBXFileReference; fileEncoding = 4; lastKnownFileType = sourcecode.c.h; path = BambooOneTile.h; sourceTree = "<group>"; };
		554AED9B2175BA90005F7847 /* BambooFiveTile.h */ = {isa = PBXFileReference; fileEncoding = 4; lastKnownFileType = sourcecode.c.h; path = BambooFiveTile.h; sourceTree = "<group>"; };
		554AED9C2175BA90005F7847 /* CircleOneTile.h */ = {isa = PBXFileReference; fileEncoding = 4; lastKnownFileType = sourcecode.c.h; path = CircleOneTile.h; sourceTree = "<group>"; };
		554AED9D2175BA90005F7847 /* GreenTile.h */ = {isa = PBXFileReference; fileEncoding = 4; lastKnownFileType = sourcecode.c.h; path = GreenTile.h; sourceTree = "<group>"; };
		554AED9E2175BA90005F7847 /* NumberEightTile.h */ = {isa = PBXFileReference; fileEncoding = 4; lastKnownFileType = sourcecode.c.h; path = NumberEightTile.h; sourceTree = "<group>"; };
		554AED9F2175BA90005F7847 /* BambooTile.h */ = {isa = PBXFileReference; fileEncoding = 4; lastKnownFileType = sourcecode.c.h; path = BambooTile.h; sourceTree = "<group>"; };
		554AEDA02175BA90005F7847 /* NumberFiveTile.h */ = {isa = PBXFileReference; fileEncoding = 4; lastKnownFileType = sourcecode.c.h; path = NumberFiveTile.h; sourceTree = "<group>"; };
		554AEDA12175BA90005F7847 /* CircleThreeTile.h */ = {isa = PBXFileReference; fileEncoding = 4; lastKnownFileType = sourcecode.c.h; path = CircleThreeTile.h; sourceTree = "<group>"; };
		554AEDA22175BA90005F7847 /* ChrysanthemumTile.h */ = {isa = PBXFileReference; fileEncoding = 4; lastKnownFileType = sourcecode.c.h; path = ChrysanthemumTile.h; sourceTree = "<group>"; };
		554AEDA32175BA90005F7847 /* CharacterSixTile.h */ = {isa = PBXFileReference; fileEncoding = 4; lastKnownFileType = sourcecode.c.h; path = CharacterSixTile.h; sourceTree = "<group>"; };
		554AEDA42175BA90005F7847 /* SeasonTile.h */ = {isa = PBXFileReference; fileEncoding = 4; lastKnownFileType = sourcecode.c.h; path = SeasonTile.h; sourceTree = "<group>"; };
		554AEDA52175BA90005F7847 /* CircleFourTile.h */ = {isa = PBXFileReference; fileEncoding = 4; lastKnownFileType = sourcecode.c.h; path = CircleFourTile.h; sourceTree = "<group>"; };
		554AEDA62175BA90005F7847 /* OrchidTile.h */ = {isa = PBXFileReference; fileEncoding = 4; lastKnownFileType = sourcecode.c.h; path = OrchidTile.h; sourceTree = "<group>"; };
		554AEDA72175BA90005F7847 /* CharacterEightTile.h */ = {isa = PBXFileReference; fileEncoding = 4; lastKnownFileType = sourcecode.c.h; path = CharacterEightTile.h; sourceTree = "<group>"; };
		554AEDA82175BA90005F7847 /* BambooSevenTile.h */ = {isa = PBXFileReference; fileEncoding = 4; lastKnownFileType = sourcecode.c.h; path = BambooSevenTile.h; sourceTree = "<group>"; };
		554AEDA92175BA90005F7847 /* WestWindTile.h */ = {isa = PBXFileReference; fileEncoding = 4; lastKnownFileType = sourcecode.c.h; path = WestWindTile.h; sourceTree = "<group>"; };
		554AEDAA2175BA90005F7847 /* FlowerTile.h */ = {isa = PBXFileReference; fileEncoding = 4; lastKnownFileType = sourcecode.c.h; path = FlowerTile.h; sourceTree = "<group>"; };
		554AEDAB2175BA90005F7847 /* CircleSevenTile.h */ = {isa = PBXFileReference; fileEncoding = 4; lastKnownFileType = sourcecode.c.h; path = CircleSevenTile.h; sourceTree = "<group>"; };
		554AEDAC2175BA90005F7847 /* AutumnSeasonTile.h */ = {isa = PBXFileReference; fileEncoding = 4; lastKnownFileType = sourcecode.c.h; path = AutumnSeasonTile.h; sourceTree = "<group>"; };
		554AEDAD2175BA90005F7847 /* PlumTile.h */ = {isa = PBXFileReference; fileEncoding = 4; lastKnownFileType = sourcecode.c.h; path = PlumTile.h; sourceTree = "<group>"; };
		554AEDAE2175BA90005F7847 /* WinterSeasonTile.h */ = {isa = PBXFileReference; fileEncoding = 4; lastKnownFileType = sourcecode.c.h; path = WinterSeasonTile.h; sourceTree = "<group>"; };
		554AEDB22175BA90005F7847 /* TileCountManager.h */ = {isa = PBXFileReference; fileEncoding = 4; lastKnownFileType = sourcecode.c.h; path = TileCountManager.h; sourceTree = "<group>"; };
		554AEDB42175BA90005F7847 /* GameCoordinator.mm */ = {isa = PBXFileReference; fileEncoding = 4; lastKnownFileType = sourcecode.cpp.objcpp; path = GameCoordinator.mm; sourceTree = "<group>"; };
		554AEDB52175BA90005F7847 /* TileCountView.h */ = {isa = PBXFileReference; fileEncoding = 4; lastKnownFileType = sourcecode.c.h; path = TileCountView.h; sourceTree = "<group>"; };
		554AEDBA2175BA90005F7847 /* InterfaceView.h */ = {isa = PBXFileReference; fileEncoding = 4; lastKnownFileType = sourcecode.c.h; path = InterfaceView.h; sourceTree = "<group>"; };
		554AEDBE2175BA90005F7847 /* NumberTileArray.mm */ = {isa = PBXFileReference; fileEncoding = 4; lastKnownFileType = sourcecode.cpp.objcpp; path = NumberTileArray.mm; sourceTree = "<group>"; };
		554AEDC12175BA90005F7847 /* TileIterator.h */ = {isa = PBXFileReference; fileEncoding = 4; lastKnownFileType = sourcecode.c.h; path = TileIterator.h; sourceTree = "<group>"; };
		554AEDC32175BA90005F7847 /* IntegerList.mm */ = {isa = PBXFileReference; fileEncoding = 4; lastKnownFileType = sourcecode.cpp.objcpp; path = IntegerList.mm; sourceTree = "<group>"; };
		554AEDC92175BA90005F7847 /* TileDescriptionArray.mm */ = {isa = PBXFileReference; fileEncoding = 4; lastKnownFileType = sourcecode.cpp.objcpp; path = TileDescriptionArray.mm; sourceTree = "<group>"; };
		554AEDCA2175BA90005F7847 /* SHAppManager.h */ = {isa = PBXFileReference; fileEncoding = 4; lastKnownFileType = sourcecode.c.h; path = SHAppManager.h; sourceTree = "<group>"; };
		554AEDCB2175BA90005F7847 /* TileDescription.h */ = {isa = PBXFileReference; fileEncoding = 4; lastKnownFileType = sourcecode.c.h; path = TileDescription.h; sourceTree = "<group>"; };
		554AEDCD2175BA90005F7847 /* GameInterface.mm */ = {isa = PBXFileReference; fileEncoding = 4; lastKnownFileType = sourcecode.cpp.objcpp; path = GameInterface.mm; sourceTree = "<group>"; };
		554AEDD12175BA90005F7847 /* Tile.mm */ = {isa = PBXFileReference; fileEncoding = 4; lastKnownFileType = sourcecode.cpp.objcpp; path = Tile.mm; sourceTree = "<group>"; };
		554AEDDE2175BA90005F7847 /* GameBoardView.h */ = {isa = PBXFileReference; fileEncoding = 4; lastKnownFileType = sourcecode.c.h; path = GameBoardView.h; sourceTree = "<group>"; };
		554AEDDF2175BA90005F7847 /* SHInfo.m */ = {isa = PBXFileReference; fileEncoding = 4; lastKnownFileType = sourcecode.c.objc; path = SHInfo.m; sourceTree = "<group>"; };
		554AEDE42175BA90005F7847 /* GNU-General Public License */ = {isa = PBXFileReference; fileEncoding = 4; lastKnownFileType = text; path = "GNU-General Public License"; sourceTree = "<group>"; };
		554AEDE52175BA90005F7847 /* 2_ReleaseNotes.rtfd */ = {isa = PBXFileReference; lastKnownFileType = wrapper.rtfd; path = 2_ReleaseNotes.rtfd; sourceTree = "<group>"; };
		554AEDE62175BA90005F7847 /* 1_IntroShanghai.rtfd */ = {isa = PBXFileReference; lastKnownFileType = wrapper.rtfd; path = 1_IntroShanghai.rtfd; sourceTree = "<group>"; };
		554AEE602175BB30005F7847 /* en */ = {isa = PBXFileReference; lastKnownFileType = folder; name = en; path = en.lproj/Help; sourceTree = "<group>"; };
/* End PBXFileReference section */

/* Begin PBXFrameworksBuildPhase section */
		552B1E19217726EB0062E4CC /* Frameworks */ = {
			isa = PBXFrameworksBuildPhase;
			buildActionMask = 2147483647;
			files = (
			);
			runOnlyForDeploymentPostprocessing = 0;
		};
		554AED022175BA26005F7847 /* Frameworks */ = {
			isa = PBXFrameworksBuildPhase;
			buildActionMask = 2147483647;
			files = (
			);
			runOnlyForDeploymentPostprocessing = 0;
		};
/* End PBXFrameworksBuildPhase section */

/* Begin PBXGroup section */
		552B1E1D217726EB0062E4CC /* Shanghai Swift */ = {
			isa = PBXGroup;
			children = (
				552B1E1E217726EB0062E4CC /* AppDelegate.swift */,
				552B1E20217726EC0062E4CC /* Assets.xcassets */,
				552B1E22217726EC0062E4CC /* MainMenu.xib */,
				552B1E25217726EC0062E4CC /* Info.plist */,
				552B1E26217726EC0062E4CC /* Shanghai_Swift.entitlements */,
			);
			path = "Shanghai Swift";
			sourceTree = "<group>";
		};
		554AECFC2175BA26005F7847 = {
			isa = PBXGroup;
			children = (
				554AED072175BA26005F7847 /* NeXTShanghai */,
				552B1E1D217726EB0062E4CC /* Shanghai Swift */,
				554AED062175BA26005F7847 /* Products */,
			);
			sourceTree = "<group>";
			usesTabs = 1;
		};
		554AED062175BA26005F7847 /* Products */ = {
			isa = PBXGroup;
			children = (
				554AED052175BA26005F7847 /* NeXTShanghai.app */,
				552B1E1C217726EB0062E4CC /* Shanghai Swift.app */,
			);
			name = Products;
			sourceTree = "<group>";
		};
		554AED072175BA26005F7847 /* NeXTShanghai */ = {
			isa = PBXGroup;
			children = (
				554AED192175BA90005F7847 /* Source */,
				554AEDE32175BA90005F7847 /* Documentation */,
				554AEE6221766458005F7847 /* Resources */,
				554AED112175BA27005F7847 /* main.m */,
			);
			path = NeXTShanghai;
			sourceTree = "<group>";
		};
		554AED192175BA90005F7847 /* Source */ = {
			isa = PBXGroup;
			children = (
				554AED232175BA90005F7847 /* MiscPaperView */,
				554AED782175BA90005F7847 /* Tiles */,
				554AED442175BA90005F7847 /* AllNumberTiles.h */,
				554AED502175BA90005F7847 /* BoardScramble.h */,
				554AED622175BA90005F7847 /* BoardScramble.mm */,
				554AEDDE2175BA90005F7847 /* GameBoardView.h */,
				554AED6E2175BA90005F7847 /* GameBoardView.m */,
				554AED742175BA90005F7847 /* GameCoordinator.h */,
				554AEDB42175BA90005F7847 /* GameCoordinator.mm */,
				554AED5D2175BA90005F7847 /* GameInterface.h */,
				554AEDCD2175BA90005F7847 /* GameInterface.mm */,
				554AED6C2175BA90005F7847 /* GameTile.h */,
				554AED492175BA90005F7847 /* GameTile.mm */,
				554AED512175BA90005F7847 /* GameTileArray.h */,
				554AED4E2175BA90005F7847 /* GameTileArray.mm */,
				554AED1A2175BA90005F7847 /* Help.h */,
				554AED1F2175BA90005F7847 /* Help.mm */,
				554AED682175BA90005F7847 /* IntegerList.h */,
				554AEDC32175BA90005F7847 /* IntegerList.mm */,
				554AEDBA2175BA90005F7847 /* InterfaceView.h */,
				554AED522175BA90005F7847 /* InterfaceView.m */,
				554AED652175BA90005F7847 /* mj.h */,
				554AED462175BA90005F7847 /* NumberTile.h */,
				554AED702175BA90005F7847 /* NumberTile.mm */,
				554AED472175BA90005F7847 /* NumberTileArray.h */,
				554AEDBE2175BA90005F7847 /* NumberTileArray.mm */,
				554AEDCA2175BA90005F7847 /* SHAppManager.h */,
				554AED602175BA90005F7847 /* SHAppManager.m */,
				554AED672175BA90005F7847 /* SHInfo.h */,
				554AEDDF2175BA90005F7847 /* SHInfo.m */,
				554AED4D2175BA90005F7847 /* Tile.h */,
				554AEDD12175BA90005F7847 /* Tile.mm */,
				554AEDB22175BA90005F7847 /* TileCountManager.h */,
				554AED5A2175BA90005F7847 /* TileCountManager.mm */,
				554AEDB52175BA90005F7847 /* TileCountView.h */,
				554AED1D2175BA90005F7847 /* TileCountView.m */,
				554AEDCB2175BA90005F7847 /* TileDescription.h */,
				554AED5F2175BA90005F7847 /* TileDescription.mm */,
				554AED1B2175BA90005F7847 /* TileDescriptionArray.h */,
				554AEDC92175BA90005F7847 /* TileDescriptionArray.mm */,
				554AEDC12175BA90005F7847 /* TileIterator.h */,
				554AED6D2175BA90005F7847 /* TileIterator.cc */,
			);
			path = Source;
			sourceTree = "<group>";
		};
		554AED232175BA90005F7847 /* MiscPaperView */ = {
			isa = PBXGroup;
			children = (
				554AED2C2175BA90005F7847 /* MiscColorView.h */,
				554AED262175BA90005F7847 /* MiscColorView.m */,
				554AED2B2175BA90005F7847 /* MiscColorView.rtf */,
				554AED242175BA90005F7847 /* MiscPaperView.h */,
				554AED2A2175BA90005F7847 /* MiscPaperView.m */,
				554AED2D2175BA90005F7847 /* MiscPaperView.rtf */,
			);
			name = MiscPaperView;
			path = MiscPaperView.subproj;
			sourceTree = "<group>";
		};
		554AED782175BA90005F7847 /* Tiles */ = {
			isa = PBXGroup;
			children = (
				554AEDAC2175BA90005F7847 /* AutumnSeasonTile.h */,
				554AED8E2175BA90005F7847 /* BambooEightTile.h */,
				554AED9B2175BA90005F7847 /* BambooFiveTile.h */,
				554AED8B2175BA90005F7847 /* BambooFourTile.h */,
				554AED812175BA90005F7847 /* BambooNineTile.h */,
				554AED9A2175BA90005F7847 /* BambooOneTile.h */,
				554AEDA82175BA90005F7847 /* BambooSevenTile.h */,
				554AED8F2175BA90005F7847 /* BambooSixTile.h */,
				554AED952175BA90005F7847 /* BambooThreeTile.h */,
				554AED9F2175BA90005F7847 /* BambooTile.h */,
				554AED892175BA90005F7847 /* BambooTwoTile.h */,
				554AEDA72175BA90005F7847 /* CharacterEightTile.h */,
				554AED982175BA90005F7847 /* CharacterFiveTile.h */,
				554AED912175BA90005F7847 /* CharacterFourTile.h */,
				554AED7E2175BA90005F7847 /* CharacterNineTile.h */,
				554AED852175BA90005F7847 /* CharacterOneTile.h */,
				554AED932175BA90005F7847 /* CharacterSevenTile.h */,
				554AEDA32175BA90005F7847 /* CharacterSixTile.h */,
				554AED802175BA90005F7847 /* CharacterThreeTile.h */,
				554AED972175BA90005F7847 /* CharacterTwoTile.h */,
				554AEDA22175BA90005F7847 /* ChrysanthemumTile.h */,
				554AED882175BA90005F7847 /* CircleEightTile.h */,
				554AED832175BA90005F7847 /* CircleFiveTile.h */,
				554AEDA52175BA90005F7847 /* CircleFourTile.h */,
				554AED992175BA90005F7847 /* CircleNineTile.h */,
				554AED9C2175BA90005F7847 /* CircleOneTile.h */,
				554AEDAB2175BA90005F7847 /* CircleSevenTile.h */,
				554AED8D2175BA90005F7847 /* CircleSixTile.h */,
				554AEDA12175BA90005F7847 /* CircleThreeTile.h */,
				554AED8A2175BA90005F7847 /* CircleTwoTile.h */,
				554AED792175BA90005F7847 /* EastWindTile.h */,
				554AEDAA2175BA90005F7847 /* FlowerTile.h */,
				554AED9D2175BA90005F7847 /* GreenTile.h */,
				554AED8C2175BA90005F7847 /* NorthWindTile.h */,
				554AED9E2175BA90005F7847 /* NumberEightTile.h */,
				554AEDA02175BA90005F7847 /* NumberFiveTile.h */,
				554AED872175BA90005F7847 /* NumberFourTile.h */,
				554AED7A2175BA90005F7847 /* NumberNineTile.h */,
				554AED962175BA90005F7847 /* NumberOneTile.h */,
				554AED7D2175BA90005F7847 /* NumberSevenTile.h */,
				554AED902175BA90005F7847 /* NumberSixTile.h */,
				554AED862175BA90005F7847 /* NumberThreeTile.h */,
				554AED842175BA90005F7847 /* NumberTwoTile.h */,
				554AED942175BA90005F7847 /* NumberZeroTile.h */,
				554AEDA62175BA90005F7847 /* OrchidTile.h */,
				554AEDAD2175BA90005F7847 /* PlumTile.h */,
				554AED7C2175BA90005F7847 /* RedTile.h */,
				554AEDA42175BA90005F7847 /* SeasonTile.h */,
				554AED7F2175BA90005F7847 /* SouthWindTile.h */,
				554AED7B2175BA90005F7847 /* SpringSeasonTile.h */,
				554AED922175BA90005F7847 /* SummerSeasonTile.h */,
				554AEDA92175BA90005F7847 /* WestWindTile.h */,
				554AED822175BA90005F7847 /* WhiteTile.h */,
				554AEDAE2175BA90005F7847 /* WinterSeasonTile.h */,
			);
			path = Tiles;
			sourceTree = "<group>";
		};
		554AEDE32175BA90005F7847 /* Documentation */ = {
			isa = PBXGroup;
			children = (
				554AEDE42175BA90005F7847 /* GNU-General Public License */,
				554AEDE52175BA90005F7847 /* 2_ReleaseNotes.rtfd */,
				554AEDE62175BA90005F7847 /* 1_IntroShanghai.rtfd */,
			);
			path = Documentation;
			sourceTree = "<group>";
		};
		554AEE6221766458005F7847 /* Resources */ = {
			isa = PBXGroup;
			children = (
				554AED0B2175BA27005F7847 /* Assets.xcassets */,
				554AEE5F2175BB30005F7847 /* Help */,
				554AED2E2175BA90005F7847 /* Info.nib */,
				554AED102175BA27005F7847 /* Info.plist */,
				554AED132175BA27005F7847 /* NeXTShanghai.entitlements */,
				554AED302175BA90005F7847 /* Shanghai.xib */,
			);
			name = Resources;
			sourceTree = "<group>";
		};
/* End PBXGroup section */

/* Begin PBXNativeTarget section */
		552B1E1B217726EB0062E4CC /* Shanghai Swift */ = {
			isa = PBXNativeTarget;
			buildConfigurationList = 552B1E27217726EC0062E4CC /* Build configuration list for PBXNativeTarget "Shanghai Swift" */;
			buildPhases = (
				552B1E18217726EB0062E4CC /* Sources */,
				552B1E19217726EB0062E4CC /* Frameworks */,
				552B1E1A217726EB0062E4CC /* Resources */,
			);
			buildRules = (
			);
			dependencies = (
			);
			name = "Shanghai Swift";
			productName = "Shanghai Swift";
			productReference = 552B1E1C217726EB0062E4CC /* Shanghai Swift.app */;
			productType = "com.apple.product-type.application";
		};
		554AED042175BA26005F7847 /* NeXTShanghai */ = {
			isa = PBXNativeTarget;
			buildConfigurationList = 554AED162175BA27005F7847 /* Build configuration list for PBXNativeTarget "NeXTShanghai" */;
			buildPhases = (
				554AED012175BA26005F7847 /* Sources */,
				554AED022175BA26005F7847 /* Frameworks */,
				554AED032175BA26005F7847 /* Resources */,
			);
			buildRules = (
			);
			dependencies = (
			);
			name = NeXTShanghai;
			productName = NeXTShanghai;
			productReference = 554AED052175BA26005F7847 /* NeXTShanghai.app */;
			productType = "com.apple.product-type.application";
		};
/* End PBXNativeTarget section */

/* Begin PBXProject section */
		554AECFD2175BA26005F7847 /* Project object */ = {
			isa = PBXProject;
			attributes = {
				LastSwiftUpdateCheck = 1000;
				LastUpgradeCheck = 1000;
				ORGANIZATIONNAME = "C.W. Betts";
				TargetAttributes = {
					552B1E1B217726EB0062E4CC = {
						CreatedOnToolsVersion = 10.0;
					};
					554AED042175BA26005F7847 = {
						CreatedOnToolsVersion = 10.0;
					};
				};
			};
			buildConfigurationList = 554AED002175BA26005F7847 /* Build configuration list for PBXProject "NeXTShanghai" */;
			compatibilityVersion = "Xcode 9.3";
			developmentRegion = en;
			hasScannedForEncodings = 0;
			knownRegions = (
				en,
				Base,
				English,
			);
			mainGroup = 554AECFC2175BA26005F7847;
			productRefGroup = 554AED062175BA26005F7847 /* Products */;
			projectDirPath = "";
			projectRoot = "";
			targets = (
				554AED042175BA26005F7847 /* NeXTShanghai */,
				552B1E1B217726EB0062E4CC /* Shanghai Swift */,
			);
		};
/* End PBXProject section */

/* Begin PBXResourcesBuildPhase section */
		552B1E1A217726EB0062E4CC /* Resources */ = {
			isa = PBXResourcesBuildPhase;
			buildActionMask = 2147483647;
			files = (
				552B1E21217726EC0062E4CC /* Assets.xcassets in Resources */,
				552B1E2A2177277F0062E4CC /* Assets.xcassets in Resources */,
				552B1E24217726EC0062E4CC /* MainMenu.xib in Resources */,
			);
			runOnlyForDeploymentPostprocessing = 0;
		};
		554AED032175BA26005F7847 /* Resources */ = {
			isa = PBXResourcesBuildPhase;
			buildActionMask = 2147483647;
			files = (
				554AEDF82175BA91005F7847 /* Shanghai.xib in Resources */,
				554AED0C2175BA27005F7847 /* Assets.xcassets in Resources */,
				554AEE5B2175BA91005F7847 /* GNU-General Public License in Resources */,
				554AEE5D2175BA91005F7847 /* 1_IntroShanghai.rtfd in Resources */,
				554AEDF52175BA91005F7847 /* MiscColorView.rtf in Resources */,
				554AEE612175BB30005F7847 /* Help in Resources */,
				554AEDF62175BA91005F7847 /* MiscPaperView.rtf in Resources */,
				554AEE5C2175BA91005F7847 /* 2_ReleaseNotes.rtfd in Resources */,
			);
			runOnlyForDeploymentPostprocessing = 0;
		};
/* End PBXResourcesBuildPhase section */

/* Begin PBXSourcesBuildPhase section */
		552B1E18217726EB0062E4CC /* Sources */ = {
			isa = PBXSourcesBuildPhase;
			buildActionMask = 2147483647;
			files = (
				552B1E1F217726EB0062E4CC /* AppDelegate.swift in Sources */,
			);
			runOnlyForDeploymentPostprocessing = 0;
		};
		554AED012175BA26005F7847 /* Sources */ = {
			isa = PBXSourcesBuildPhase;
			buildActionMask = 2147483647;
			files = (
				554AEE322175BA91005F7847 /* GameCoordinator.mm in Sources */,
				554AEDEB2175BA91005F7847 /* Help.mm in Sources */,
				554AEE272175BA91005F7847 /* NumberTile.mm in Sources */,
				554AEE1B2175BA91005F7847 /* SHAppManager.m in Sources */,
				554AEE252175BA91005F7847 /* GameBoardView.m in Sources */,
				554AEDF02175BA91005F7847 /* MiscColorView.m in Sources */,
				554AED122175BA27005F7847 /* main.m in Sources */,
				554AEE3E2175BA91005F7847 /* IntegerList.mm in Sources */,
				554AEE162175BA91005F7847 /* TileCountManager.mm in Sources */,
				554AEE4A2175BA91005F7847 /* Tile.mm in Sources */,
				554AEDE92175BA91005F7847 /* TileCountView.m in Sources */,
				554AEE1D2175BA91005F7847 /* BoardScramble.mm in Sources */,
				554AEE0C2175BA91005F7847 /* GameTileArray.mm in Sources */,
				554AEE462175BA91005F7847 /* GameInterface.mm in Sources */,
				554AEDF42175BA91005F7847 /* MiscPaperView.m in Sources */,
				554AEE572175BA91005F7847 /* SHInfo.m in Sources */,
				554AEE442175BA91005F7847 /* TileDescriptionArray.mm in Sources */,
				554AEE242175BA91005F7847 /* TileIterator.cc in Sources */,
				554AEE3A2175BA91005F7847 /* NumberTileArray.mm in Sources */,
				554AEE0E2175BA91005F7847 /* InterfaceView.m in Sources */,
				554AEE082175BA91005F7847 /* GameTile.mm in Sources */,
				554AEE1A2175BA91005F7847 /* TileDescription.mm in Sources */,
			);
			runOnlyForDeploymentPostprocessing = 0;
		};
/* End PBXSourcesBuildPhase section */

/* Begin PBXVariantGroup section */
		552B1E22217726EC0062E4CC /* MainMenu.xib */ = {
			isa = PBXVariantGroup;
			children = (
				552B1E23217726EC0062E4CC /* Base */,
			);
			name = MainMenu.xib;
			sourceTree = "<group>";
		};
		554AED2E2175BA90005F7847 /* Info.nib */ = {
			isa = PBXVariantGroup;
			children = (
				554AED2F2175BA90005F7847 /* en */,
			);
			name = Info.nib;
			sourceTree = "<group>";
		};
		554AED302175BA90005F7847 /* Shanghai.xib */ = {
			isa = PBXVariantGroup;
			children = (
				554AED312175BA90005F7847 /* en */,
			);
			name = Shanghai.xib;
			sourceTree = "<group>";
		};
		554AEE5F2175BB30005F7847 /* Help */ = {
			isa = PBXVariantGroup;
			children = (
				554AEE602175BB30005F7847 /* en */,
			);
			name = Help;
			sourceTree = "<group>";
		};
/* End PBXVariantGroup section */

/* Begin XCBuildConfiguration section */
		552B1E28217726EC0062E4CC /* Debug */ = {
			isa = XCBuildConfiguration;
			buildSettings = {
				ASSETCATALOG_COMPILER_APPICON_NAME = AppIcon;
				CODE_SIGN_ENTITLEMENTS = "Shanghai Swift/Shanghai_Swift.entitlements";
				CODE_SIGN_STYLE = Automatic;
				COMBINE_HIDPI_IMAGES = YES;
				INFOPLIST_FILE = "Shanghai Swift/Info.plist";
				LD_RUNPATH_SEARCH_PATHS = (
					"$(inherited)",
					"@executable_path/../Frameworks",
				);
				PRODUCT_BUNDLE_IDENTIFIER = "com.github.MaddTheSane.Shanghai-Swift";
				PRODUCT_NAME = "$(TARGET_NAME)";
				SWIFT_ACTIVE_COMPILATION_CONDITIONS = DEBUG;
				SWIFT_OPTIMIZATION_LEVEL = "-Onone";
				SWIFT_VERSION = 4.2;
			};
			name = Debug;
		};
		552B1E29217726EC0062E4CC /* Release */ = {
			isa = XCBuildConfiguration;
			buildSettings = {
				ASSETCATALOG_COMPILER_APPICON_NAME = AppIcon;
				CODE_SIGN_ENTITLEMENTS = "Shanghai Swift/Shanghai_Swift.entitlements";
				CODE_SIGN_STYLE = Automatic;
				COMBINE_HIDPI_IMAGES = YES;
				INFOPLIST_FILE = "Shanghai Swift/Info.plist";
				LD_RUNPATH_SEARCH_PATHS = (
					"$(inherited)",
					"@executable_path/../Frameworks",
				);
				PRODUCT_BUNDLE_IDENTIFIER = "com.github.MaddTheSane.Shanghai-Swift";
				PRODUCT_NAME = "$(TARGET_NAME)";
				SWIFT_COMPILATION_MODE = wholemodule;
				SWIFT_OPTIMIZATION_LEVEL = "-O";
				SWIFT_VERSION = 4.2;
			};
			name = Release;
		};
		554AED142175BA27005F7847 /* Debug */ = {
			isa = XCBuildConfiguration;
			buildSettings = {
				ALWAYS_SEARCH_USER_PATHS = NO;
				CLANG_ANALYZER_NONNULL = YES;
				CLANG_ANALYZER_NUMBER_OBJECT_CONVERSION = YES_AGGRESSIVE;
				CLANG_CXX_LANGUAGE_STANDARD = "gnu++14";
				CLANG_CXX_LIBRARY = "libc++";
				CLANG_ENABLE_MODULES = YES;
				CLANG_ENABLE_OBJC_ARC = YES;
				CLANG_ENABLE_OBJC_WEAK = YES;
				CLANG_WARN_BLOCK_CAPTURE_AUTORELEASING = YES;
				CLANG_WARN_BOOL_CONVERSION = YES;
				CLANG_WARN_COMMA = YES;
				CLANG_WARN_CONSTANT_CONVERSION = YES;
				CLANG_WARN_DEPRECATED_OBJC_IMPLEMENTATIONS = YES;
				CLANG_WARN_DIRECT_OBJC_ISA_USAGE = YES_ERROR;
				CLANG_WARN_DOCUMENTATION_COMMENTS = YES;
				CLANG_WARN_EMPTY_BODY = YES;
				CLANG_WARN_ENUM_CONVERSION = YES;
				CLANG_WARN_INFINITE_RECURSION = YES;
				CLANG_WARN_INT_CONVERSION = YES;
				CLANG_WARN_NON_LITERAL_NULL_CONVERSION = YES;
				CLANG_WARN_OBJC_IMPLICIT_RETAIN_SELF = YES;
				CLANG_WARN_OBJC_LITERAL_CONVERSION = YES;
				CLANG_WARN_OBJC_ROOT_CLASS = YES_ERROR;
				CLANG_WARN_RANGE_LOOP_ANALYSIS = YES;
				CLANG_WARN_STRICT_PROTOTYPES = YES;
				CLANG_WARN_SUSPICIOUS_MOVE = YES;
				CLANG_WARN_UNGUARDED_AVAILABILITY = YES_AGGRESSIVE;
				CLANG_WARN_UNREACHABLE_CODE = YES;
				CLANG_WARN__DUPLICATE_METHOD_MATCH = YES;
				CODE_SIGN_IDENTITY = "-";
				COPY_PHASE_STRIP = NO;
				DEBUG_INFORMATION_FORMAT = dwarf;
				ENABLE_STRICT_OBJC_MSGSEND = YES;
				ENABLE_TESTABILITY = YES;
				GCC_C_LANGUAGE_STANDARD = gnu11;
				GCC_DYNAMIC_NO_PIC = NO;
				GCC_NO_COMMON_BLOCKS = YES;
				GCC_OPTIMIZATION_LEVEL = 0;
				GCC_PREPROCESSOR_DEFINITIONS = (
					"DEBUG=1",
					"$(inherited)",
				);
				GCC_WARN_64_TO_32_BIT_CONVERSION = YES;
				GCC_WARN_ABOUT_RETURN_TYPE = YES_ERROR;
				GCC_WARN_UNDECLARED_SELECTOR = YES;
				GCC_WARN_UNINITIALIZED_AUTOS = YES_AGGRESSIVE;
				GCC_WARN_UNUSED_FUNCTION = YES;
				GCC_WARN_UNUSED_VARIABLE = YES;
				MACOSX_DEPLOYMENT_TARGET = 10.14;
				MTL_ENABLE_DEBUG_INFO = INCLUDE_SOURCE;
				MTL_FAST_MATH = YES;
				ONLY_ACTIVE_ARCH = YES;
				SDKROOT = macosx;
			};
			name = Debug;
		};
		554AED152175BA27005F7847 /* Release */ = {
			isa = XCBuildConfiguration;
			buildSettings = {
				ALWAYS_SEARCH_USER_PATHS = NO;
				CLANG_ANALYZER_NONNULL = YES;
				CLANG_ANALYZER_NUMBER_OBJECT_CONVERSION = YES_AGGRESSIVE;
				CLANG_CXX_LANGUAGE_STANDARD = "gnu++14";
				CLANG_CXX_LIBRARY = "libc++";
				CLANG_ENABLE_MODULES = YES;
				CLANG_ENABLE_OBJC_ARC = YES;
				CLANG_ENABLE_OBJC_WEAK = YES;
				CLANG_WARN_BLOCK_CAPTURE_AUTORELEASING = YES;
				CLANG_WARN_BOOL_CONVERSION = YES;
				CLANG_WARN_COMMA = YES;
				CLANG_WARN_CONSTANT_CONVERSION = YES;
				CLANG_WARN_DEPRECATED_OBJC_IMPLEMENTATIONS = YES;
				CLANG_WARN_DIRECT_OBJC_ISA_USAGE = YES_ERROR;
				CLANG_WARN_DOCUMENTATION_COMMENTS = YES;
				CLANG_WARN_EMPTY_BODY = YES;
				CLANG_WARN_ENUM_CONVERSION = YES;
				CLANG_WARN_INFINITE_RECURSION = YES;
				CLANG_WARN_INT_CONVERSION = YES;
				CLANG_WARN_NON_LITERAL_NULL_CONVERSION = YES;
				CLANG_WARN_OBJC_IMPLICIT_RETAIN_SELF = YES;
				CLANG_WARN_OBJC_LITERAL_CONVERSION = YES;
				CLANG_WARN_OBJC_ROOT_CLASS = YES_ERROR;
				CLANG_WARN_RANGE_LOOP_ANALYSIS = YES;
				CLANG_WARN_STRICT_PROTOTYPES = YES;
				CLANG_WARN_SUSPICIOUS_MOVE = YES;
				CLANG_WARN_UNGUARDED_AVAILABILITY = YES_AGGRESSIVE;
				CLANG_WARN_UNREACHABLE_CODE = YES;
				CLANG_WARN__DUPLICATE_METHOD_MATCH = YES;
				CODE_SIGN_IDENTITY = "-";
				COPY_PHASE_STRIP = NO;
				DEBUG_INFORMATION_FORMAT = "dwarf-with-dsym";
				ENABLE_NS_ASSERTIONS = NO;
				ENABLE_STRICT_OBJC_MSGSEND = YES;
				GCC_C_LANGUAGE_STANDARD = gnu11;
				GCC_NO_COMMON_BLOCKS = YES;
				GCC_WARN_64_TO_32_BIT_CONVERSION = YES;
				GCC_WARN_ABOUT_RETURN_TYPE = YES_ERROR;
				GCC_WARN_UNDECLARED_SELECTOR = YES;
				GCC_WARN_UNINITIALIZED_AUTOS = YES_AGGRESSIVE;
				GCC_WARN_UNUSED_FUNCTION = YES;
				GCC_WARN_UNUSED_VARIABLE = YES;
				MACOSX_DEPLOYMENT_TARGET = 10.14;
				MTL_ENABLE_DEBUG_INFO = NO;
				MTL_FAST_MATH = YES;
				SDKROOT = macosx;
			};
			name = Release;
		};
		554AED172175BA27005F7847 /* Debug */ = {
			isa = XCBuildConfiguration;
			buildSettings = {
				ASSETCATALOG_COMPILER_APPICON_NAME = Shanghai;
				CODE_SIGN_ENTITLEMENTS = NeXTShanghai/NeXTShanghai.entitlements;
				CODE_SIGN_STYLE = Automatic;
				COMBINE_HIDPI_IMAGES = YES;
				INFOPLIST_FILE = NeXTShanghai/Info.plist;
				LD_RUNPATH_SEARCH_PATHS = (
					"$(inherited)",
					"@executable_path/../Frameworks",
				);
				PRODUCT_BUNDLE_IDENTIFIER = com.github.MaddTheSane.NeXTShanghai;
				PRODUCT_NAME = "$(TARGET_NAME)";
			};
			name = Debug;
		};
		554AED182175BA27005F7847 /* Release */ = {
			isa = XCBuildConfiguration;
			buildSettings = {
				ASSETCATALOG_COMPILER_APPICON_NAME = Shanghai;
				CODE_SIGN_ENTITLEMENTS = NeXTShanghai/NeXTShanghai.entitlements;
				CODE_SIGN_STYLE = Automatic;
				COMBINE_HIDPI_IMAGES = YES;
				INFOPLIST_FILE = NeXTShanghai/Info.plist;
				LD_RUNPATH_SEARCH_PATHS = (
					"$(inherited)",
					"@executable_path/../Frameworks",
				);
				PRODUCT_BUNDLE_IDENTIFIER = com.github.MaddTheSane.NeXTShanghai;
				PRODUCT_NAME = "$(TARGET_NAME)";
			};
			name = Release;
		};
/* End XCBuildConfiguration section */

/* Begin XCConfigurationList section */
		552B1E27217726EC0062E4CC /* Build configuration list for PBXNativeTarget "Shanghai Swift" */ = {
			isa = XCConfigurationList;
			buildConfigurations = (
				552B1E28217726EC0062E4CC /* Debug */,
				552B1E29217726EC0062E4CC /* Release */,
			);
			defaultConfigurationIsVisible = 0;
			defaultConfigurationName = Release;
		};
		554AED002175BA26005F7847 /* Build configuration list for PBXProject "NeXTShanghai" */ = {
			isa = XCConfigurationList;
			buildConfigurations = (
				554AED142175BA27005F7847 /* Debug */,
				554AED152175BA27005F7847 /* Release */,
			);
			defaultConfigurationIsVisible = 0;
			defaultConfigurationName = Release;
		};
		554AED162175BA27005F7847 /* Build configuration list for PBXNativeTarget "NeXTShanghai" */ = {
			isa = XCConfigurationList;
			buildConfigurations = (
				554AED172175BA27005F7847 /* Debug */,
				554AED182175BA27005F7847 /* Release */,
			);
			defaultConfigurationIsVisible = 0;
			defaultConfigurationName = Release;
		};
/* End XCConfigurationList section */
	};
	rootObject = 554AECFD2175BA26005F7847 /* Project object */;
}
